
Microsoft Visual Studio Solution File, Format Version 12.00
# Visual Studio Version 16
VisualStudioVersion = 16.0.31424.327
MinimumVisualStudioVersion = 10.0.40219.1
Project("{FAE04EC0-301F-11D3-BF4B-00C04F79EFBC}") = "Shopping.Client", "Shopping.Client\Shopping.Client.csproj", "{84119944-AA32-4941-8647-C4EB82F82A92}"
EndProject
Global
	GlobalSection(SolutionConfigurationPlatforms) = preSolution
		Debug|Any CPU = Debug|Any CPU
		Release|Any CPU = Release|Any CPU
	EndGlobalSection
	GlobalSection(ProjectConfigurationPlatforms) = postSolution
		{84119944-AA32-4941-8647-C4EB82F82A92}.Debug|Any CPU.ActiveCfg = Debug|Any CPU
		{84119944-AA32-4941-8647-C4EB82F82A92}.Debug|Any CPU.Build.0 = Debug|Any CPU
		{84119944-AA32-4941-8647-C4EB82F82A92}.Release|Any CPU.ActiveCfg = Release|Any CPU
		{84119944-AA32-4941-8647-C4EB82F82A92}.Release|Any CPU.Build.0 = Release|Any CPU
	EndGlobalSection
	GlobalSection(SolutionProperties) = preSolution
		HideSolutionNode = FALSE
	EndGlobalSection
	GlobalSection(ExtensibilityGlobals) = postSolution
		SolutionGuid = {676A27D6-73E7-430E-BFA8-810DCCB908F2}
	EndGlobalSection
EndGlobal
